// !$*UTF8*$!
{
	archiveVersion = 1;
	classes = {
	};
	objectVersion = 50;
	objects = {

/* Begin PBXBuildFile section */
		49466BD720AA121700E68E82 /* AppDelegate.swift in Sources */ = {isa = PBXBuildFile; fileRef = 49466BD620AA121700E68E82 /* AppDelegate.swift */; };
		49466BD920AA121700E68E82 /* ViewController.swift in Sources */ = {isa = PBXBuildFile; fileRef = 49466BD820AA121700E68E82 /* ViewController.swift */; };
		49466BDC20AA121700E68E82 /* Main.storyboard in Resources */ = {isa = PBXBuildFile; fileRef = 49466BDA20AA121700E68E82 /* Main.storyboard */; };
		49466BDE20AA121800E68E82 /* Assets.xcassets in Resources */ = {isa = PBXBuildFile; fileRef = 49466BDD20AA121800E68E82 /* Assets.xcassets */; };
		49466BE120AA121800E68E82 /* LaunchScreen.storyboard in Resources */ = {isa = PBXBuildFile; fileRef = 49466BDF20AA121800E68E82 /* LaunchScreen.storyboard */; };
		49466BEC20AA121800E68E82 /* PoraffitiTests.swift in Sources */ = {isa = PBXBuildFile; fileRef = 49466BEB20AA121800E68E82 /* PoraffitiTests.swift */; };
		49466BF720AA121900E68E82 /* PoraffitiUITests.swift in Sources */ = {isa = PBXBuildFile; fileRef = 49466BF620AA121900E68E82 /* PoraffitiUITests.swift */; };
		497E219020ACA2FC006EC9AE /* DynamicGeometry.swift in Sources */ = {isa = PBXBuildFile; fileRef = 497E218F20ACA2FC006EC9AE /* DynamicGeometry.swift */; };
		49F3149020AF413600A39CF8 /* information.png in Resources */ = {isa = PBXBuildFile; fileRef = 49F3148F20AF413600A39CF8 /* information.png */; };
		49F3149220AF4B6E00A39CF8 /* Group 1.png in Resources */ = {isa = PBXBuildFile; fileRef = 49F3149120AF4B6E00A39CF8 /* Group 1.png */; };
		49F3149420AF4B7C00A39CF8 /* Group 2.png in Resources */ = {isa = PBXBuildFile; fileRef = 49F3149320AF4B7C00A39CF8 /* Group 2.png */; };
		49F3149620AF4B8800A39CF8 /* Group 3.png in Resources */ = {isa = PBXBuildFile; fileRef = 49F3149520AF4B8800A39CF8 /* Group 3.png */; };
/* End PBXBuildFile section */

/* Begin PBXContainerItemProxy section */
		49466BE820AA121800E68E82 /* PBXContainerItemProxy */ = {
			isa = PBXContainerItemProxy;
			containerPortal = 49466BCB20AA121700E68E82 /* Project object */;
			proxyType = 1;
			remoteGlobalIDString = 49466BD220AA121700E68E82;
			remoteInfo = Poraffiti;
		};
		49466BF320AA121900E68E82 /* PBXContainerItemProxy */ = {
			isa = PBXContainerItemProxy;
			containerPortal = 49466BCB20AA121700E68E82 /* Project object */;
			proxyType = 1;
			remoteGlobalIDString = 49466BD220AA121700E68E82;
			remoteInfo = Poraffiti;
		};
/* End PBXContainerItemProxy section */

/* Begin PBXFileReference section */
		49466BD320AA121700E68E82 /* Poraffiti.app */ = {isa = PBXFileReference; explicitFileType = wrapper.application; includeInIndex = 0; path = Poraffiti.app; sourceTree = BUILT_PRODUCTS_DIR; };
		49466BD620AA121700E68E82 /* AppDelegate.swift */ = {isa = PBXFileReference; lastKnownFileType = sourcecode.swift; path = AppDelegate.swift; sourceTree = "<group>"; };
		49466BD820AA121700E68E82 /* ViewController.swift */ = {isa = PBXFileReference; lastKnownFileType = sourcecode.swift; path = ViewController.swift; sourceTree = "<group>"; };
		49466BDB20AA121700E68E82 /* Base */ = {isa = PBXFileReference; lastKnownFileType = file.storyboard; name = Base; path = Base.lproj/Main.storyboard; sourceTree = "<group>"; };
		49466BDD20AA121800E68E82 /* Assets.xcassets */ = {isa = PBXFileReference; lastKnownFileType = folder.assetcatalog; path = Assets.xcassets; sourceTree = "<group>"; };
		49466BE020AA121800E68E82 /* Base */ = {isa = PBXFileReference; lastKnownFileType = file.storyboard; name = Base; path = Base.lproj/LaunchScreen.storyboard; sourceTree = "<group>"; };
		49466BE220AA121800E68E82 /* Info.plist */ = {isa = PBXFileReference; lastKnownFileType = text.plist.xml; path = Info.plist; sourceTree = "<group>"; };
		49466BE720AA121800E68E82 /* PoraffitiTests.xctest */ = {isa = PBXFileReference; explicitFileType = wrapper.cfbundle; includeInIndex = 0; path = PoraffitiTests.xctest; sourceTree = BUILT_PRODUCTS_DIR; };
		49466BEB20AA121800E68E82 /* PoraffitiTests.swift */ = {isa = PBXFileReference; lastKnownFileType = sourcecode.swift; path = PoraffitiTests.swift; sourceTree = "<group>"; };
		49466BED20AA121800E68E82 /* Info.plist */ = {isa = PBXFileReference; lastKnownFileType = text.plist.xml; path = Info.plist; sourceTree = "<group>"; };
		49466BF220AA121900E68E82 /* PoraffitiUITests.xctest */ = {isa = PBXFileReference; explicitFileType = wrapper.cfbundle; includeInIndex = 0; path = PoraffitiUITests.xctest; sourceTree = BUILT_PRODUCTS_DIR; };
		49466BF620AA121900E68E82 /* PoraffitiUITests.swift */ = {isa = PBXFileReference; lastKnownFileType = sourcecode.swift; path = PoraffitiUITests.swift; sourceTree = "<group>"; };
		49466BF820AA121900E68E82 /* Info.plist */ = {isa = PBXFileReference; lastKnownFileType = text.plist.xml; path = Info.plist; sourceTree = "<group>"; };
		497E218F20ACA2FC006EC9AE /* DynamicGeometry.swift */ = {isa = PBXFileReference; lastKnownFileType = sourcecode.swift; path = DynamicGeometry.swift; sourceTree = "<group>"; };
		49F3148F20AF413600A39CF8 /* information.png */ = {isa = PBXFileReference; lastKnownFileType = image.png; name = information.png; path = ../../../../Downloads/information.png; sourceTree = "<group>"; };
		49F3149120AF4B6E00A39CF8 /* Group 1.png */ = {isa = PBXFileReference; lastKnownFileType = image.png; name = "Group 1.png"; path = "../../../../Downloads/Group 1.png"; sourceTree = "<group>"; };
		49F3149320AF4B7C00A39CF8 /* Group 2.png */ = {isa = PBXFileReference; lastKnownFileType = image.png; name = "Group 2.png"; path = "../../../../Downloads/Group 2.png"; sourceTree = "<group>"; };
		49F3149520AF4B8800A39CF8 /* Group 3.png */ = {isa = PBXFileReference; lastKnownFileType = image.png; name = "Group 3.png"; path = "../../../../Downloads/Group 3.png"; sourceTree = "<group>"; };
/* End PBXFileReference section */

/* Begin PBXFrameworksBuildPhase section */
		49466BD020AA121700E68E82 /* Frameworks */ = {
			isa = PBXFrameworksBuildPhase;
			buildActionMask = 2147483647;
			files = (
			);
			runOnlyForDeploymentPostprocessing = 0;
		};
		49466BE420AA121800E68E82 /* Frameworks */ = {
			isa = PBXFrameworksBuildPhase;
			buildActionMask = 2147483647;
			files = (
			);
			runOnlyForDeploymentPostprocessing = 0;
		};
		49466BEF20AA121900E68E82 /* Frameworks */ = {
			isa = PBXFrameworksBuildPhase;
			buildActionMask = 2147483647;
			files = (
			);
			runOnlyForDeploymentPostprocessing = 0;
		};
/* End PBXFrameworksBuildPhase section */

/* Begin PBXGroup section */
		49466BCA20AA121700E68E82 = {
			isa = PBXGroup;
			children = (
				49466BD520AA121700E68E82 /* Poraffiti */,
				49466BEA20AA121800E68E82 /* PoraffitiTests */,
				49466BF520AA121900E68E82 /* PoraffitiUITests */,
				49466BD420AA121700E68E82 /* Products */,
			);
			sourceTree = "<group>";
		};
		49466BD420AA121700E68E82 /* Products */ = {
			isa = PBXGroup;
			children = (
				49466BD320AA121700E68E82 /* Poraffiti.app */,
				49466BE720AA121800E68E82 /* PoraffitiTests.xctest */,
				49466BF220AA121900E68E82 /* PoraffitiUITests.xctest */,
			);
			name = Products;
			sourceTree = "<group>";
		};
		49466BD520AA121700E68E82 /* Poraffiti */ = {
			isa = PBXGroup;
			children = (
				49F3148E20AF412600A39CF8 /* images */,
				49466BD620AA121700E68E82 /* AppDelegate.swift */,
				49466BD820AA121700E68E82 /* ViewController.swift */,
				49466BDA20AA121700E68E82 /* Main.storyboard */,
				49466BDD20AA121800E68E82 /* Assets.xcassets */,
				49466BDF20AA121800E68E82 /* LaunchScreen.storyboard */,
				49466BE220AA121800E68E82 /* Info.plist */,
				497E218F20ACA2FC006EC9AE /* DynamicGeometry.swift */,
			);
			path = Poraffiti;
			sourceTree = "<group>";
		};
		49466BEA20AA121800E68E82 /* PoraffitiTests */ = {
			isa = PBXGroup;
			children = (
				49466BEB20AA121800E68E82 /* PoraffitiTests.swift */,
				49466BED20AA121800E68E82 /* Info.plist */,
			);
			path = PoraffitiTests;
			sourceTree = "<group>";
		};
		49466BF520AA121900E68E82 /* PoraffitiUITests */ = {
			isa = PBXGroup;
			children = (
				49466BF620AA121900E68E82 /* PoraffitiUITests.swift */,
				49466BF820AA121900E68E82 /* Info.plist */,
			);
			path = PoraffitiUITests;
			sourceTree = "<group>";
		};
		49F3148E20AF412600A39CF8 /* images */ = {
			isa = PBXGroup;
			children = (
				49F3148F20AF413600A39CF8 /* information.png */,
				49F3149120AF4B6E00A39CF8 /* Group 1.png */,
				49F3149320AF4B7C00A39CF8 /* Group 2.png */,
				49F3149520AF4B8800A39CF8 /* Group 3.png */,
			);
			path = images;
			sourceTree = "<group>";
		};
/* End PBXGroup section */

/* Begin PBXNativeTarget section */
		49466BD220AA121700E68E82 /* Poraffiti */ = {
			isa = PBXNativeTarget;
			buildConfigurationList = 49466BFB20AA121900E68E82 /* Build configuration list for PBXNativeTarget "Poraffiti" */;
			buildPhases = (
				49466BCF20AA121700E68E82 /* Sources */,
				49466BD020AA121700E68E82 /* Frameworks */,
				49466BD120AA121700E68E82 /* Resources */,
			);
			buildRules = (
			);
			dependencies = (
			);
			name = Poraffiti;
			productName = Poraffiti;
			productReference = 49466BD320AA121700E68E82 /* Poraffiti.app */;
			productType = "com.apple.product-type.application";
		};
		49466BE620AA121800E68E82 /* PoraffitiTests */ = {
			isa = PBXNativeTarget;
			buildConfigurationList = 49466BFE20AA121900E68E82 /* Build configuration list for PBXNativeTarget "PoraffitiTests" */;
			buildPhases = (
				49466BE320AA121800E68E82 /* Sources */,
				49466BE420AA121800E68E82 /* Frameworks */,
				49466BE520AA121800E68E82 /* Resources */,
			);
			buildRules = (
			);
			dependencies = (
				49466BE920AA121800E68E82 /* PBXTargetDependency */,
			);
			name = PoraffitiTests;
			productName = PoraffitiTests;
			productReference = 49466BE720AA121800E68E82 /* PoraffitiTests.xctest */;
			productType = "com.apple.product-type.bundle.unit-test";
		};
		49466BF120AA121900E68E82 /* PoraffitiUITests */ = {
			isa = PBXNativeTarget;
			buildConfigurationList = 49466C0120AA121900E68E82 /* Build configuration list for PBXNativeTarget "PoraffitiUITests" */;
			buildPhases = (
				49466BEE20AA121900E68E82 /* Sources */,
				49466BEF20AA121900E68E82 /* Frameworks */,
				49466BF020AA121900E68E82 /* Resources */,
			);
			buildRules = (
			);
			dependencies = (
				49466BF420AA121900E68E82 /* PBXTargetDependency */,
			);
			name = PoraffitiUITests;
			productName = PoraffitiUITests;
			productReference = 49466BF220AA121900E68E82 /* PoraffitiUITests.xctest */;
			productType = "com.apple.product-type.bundle.ui-testing";
		};
/* End PBXNativeTarget section */

/* Begin PBXProject section */
		49466BCB20AA121700E68E82 /* Project object */ = {
			isa = PBXProject;
			attributes = {
				LastSwiftUpdateCheck = 0930;
				LastUpgradeCheck = 0930;
				ORGANIZATIONNAME = 372;
				TargetAttributes = {
					49466BD220AA121700E68E82 = {
						CreatedOnToolsVersion = 9.3.1;
					};
					49466BE620AA121800E68E82 = {
						CreatedOnToolsVersion = 9.3.1;
						TestTargetID = 49466BD220AA121700E68E82;
					};
					49466BF120AA121900E68E82 = {
						CreatedOnToolsVersion = 9.3.1;
						TestTargetID = 49466BD220AA121700E68E82;
					};
				};
			};
			buildConfigurationList = 49466BCE20AA121700E68E82 /* Build configuration list for PBXProject "Poraffiti" */;
			compatibilityVersion = "Xcode 9.3";
			developmentRegion = en;
			hasScannedForEncodings = 0;
			knownRegions = (
				en,
				Base,
			);
			mainGroup = 49466BCA20AA121700E68E82;
			productRefGroup = 49466BD420AA121700E68E82 /* Products */;
			projectDirPath = "";
			projectRoot = "";
			targets = (
				49466BD220AA121700E68E82 /* Poraffiti */,
				49466BE620AA121800E68E82 /* PoraffitiTests */,
				49466BF120AA121900E68E82 /* PoraffitiUITests */,
			);
		};
/* End PBXProject section */

/* Begin PBXResourcesBuildPhase section */
		49466BD120AA121700E68E82 /* Resources */ = {
			isa = PBXResourcesBuildPhase;
			buildActionMask = 2147483647;
			files = (
				49F3149620AF4B8800A39CF8 /* Group 3.png in Resources */,
				49F3149220AF4B6E00A39CF8 /* Group 1.png in Resources */,
				49F3149020AF413600A39CF8 /* information.png in Resources */,
				49466BE120AA121800E68E82 /* LaunchScreen.storyboard in Resources */,
				49F3149420AF4B7C00A39CF8 /* Group 2.png in Resources */,
				49466BDE20AA121800E68E82 /* Assets.xcassets in Resources */,
				49466BDC20AA121700E68E82 /* Main.storyboard in Resources */,
			);
			runOnlyForDeploymentPostprocessing = 0;
		};
		49466BE520AA121800E68E82 /* Resources */ = {
			isa = PBXResourcesBuildPhase;
			buildActionMask = 2147483647;
			files = (
			);
			runOnlyForDeploymentPostprocessing = 0;
		};
		49466BF020AA121900E68E82 /* Resources */ = {
			isa = PBXResourcesBuildPhase;
			buildActionMask = 2147483647;
			files = (
			);
			runOnlyForDeploymentPostprocessing = 0;
		};
/* End PBXResourcesBuildPhase section */

/* Begin PBXSourcesBuildPhase section */
		49466BCF20AA121700E68E82 /* Sources */ = {
			isa = PBXSourcesBuildPhase;
			buildActionMask = 2147483647;
			files = (
				49466BD920AA121700E68E82 /* ViewController.swift in Sources */,
				49466BD720AA121700E68E82 /* AppDelegate.swift in Sources */,
				497E219020ACA2FC006EC9AE /* DynamicGeometry.swift in Sources */,
			);
			runOnlyForDeploymentPostprocessing = 0;
		};
		49466BE320AA121800E68E82 /* Sources */ = {
			isa = PBXSourcesBuildPhase;
			buildActionMask = 2147483647;
			files = (
				49466BEC20AA121800E68E82 /* PoraffitiTests.swift in Sources */,
			);
			runOnlyForDeploymentPostprocessing = 0;
		};
		49466BEE20AA121900E68E82 /* Sources */ = {
			isa = PBXSourcesBuildPhase;
			buildActionMask = 2147483647;
			files = (
				49466BF720AA121900E68E82 /* PoraffitiUITests.swift in Sources */,
			);
			runOnlyForDeploymentPostprocessing = 0;
		};
/* End PBXSourcesBuildPhase section */

/* Begin PBXTargetDependency section */
		49466BE920AA121800E68E82 /* PBXTargetDependency */ = {
			isa = PBXTargetDependency;
			target = 49466BD220AA121700E68E82 /* Poraffiti */;
			targetProxy = 49466BE820AA121800E68E82 /* PBXContainerItemProxy */;
		};
		49466BF420AA121900E68E82 /* PBXTargetDependency */ = {
			isa = PBXTargetDependency;
			target = 49466BD220AA121700E68E82 /* Poraffiti */;
			targetProxy = 49466BF320AA121900E68E82 /* PBXContainerItemProxy */;
		};
/* End PBXTargetDependency section */

/* Begin PBXVariantGroup section */
		49466BDA20AA121700E68E82 /* Main.storyboard */ = {
			isa = PBXVariantGroup;
			children = (
				49466BDB20AA121700E68E82 /* Base */,
			);
			name = Main.storyboard;
			sourceTree = "<group>";
		};
		49466BDF20AA121800E68E82 /* LaunchScreen.storyboard */ = {
			isa = PBXVariantGroup;
			children = (
				49466BE020AA121800E68E82 /* Base */,
			);
			name = LaunchScreen.storyboard;
			sourceTree = "<group>";
		};
/* End PBXVariantGroup section */

/* Begin XCBuildConfiguration section */
		49466BF920AA121900E68E82 /* Debug */ = {
			isa = XCBuildConfiguration;
			buildSettings = {
				ALWAYS_SEARCH_USER_PATHS = NO;
				CLANG_ANALYZER_NONNULL = YES;
				CLANG_ANALYZER_NUMBER_OBJECT_CONVERSION = YES_AGGRESSIVE;
				CLANG_CXX_LANGUAGE_STANDARD = "gnu++14";
				CLANG_CXX_LIBRARY = "libc++";
				CLANG_ENABLE_MODULES = YES;
				CLANG_ENABLE_OBJC_ARC = YES;
				CLANG_ENABLE_OBJC_WEAK = YES;
				CLANG_WARN_BLOCK_CAPTURE_AUTORELEASING = YES;
				CLANG_WARN_BOOL_CONVERSION = YES;
				CLANG_WARN_COMMA = YES;
				CLANG_WARN_CONSTANT_CONVERSION = YES;
				CLANG_WARN_DEPRECATED_OBJC_IMPLEMENTATIONS = YES;
				CLANG_WARN_DIRECT_OBJC_ISA_USAGE = YES_ERROR;
				CLANG_WARN_DOCUMENTATION_COMMENTS = YES;
				CLANG_WARN_EMPTY_BODY = YES;
				CLANG_WARN_ENUM_CONVERSION = YES;
				CLANG_WARN_INFINITE_RECURSION = YES;
				CLANG_WARN_INT_CONVERSION = YES;
				CLANG_WARN_NON_LITERAL_NULL_CONVERSION = YES;
				CLANG_WARN_OBJC_IMPLICIT_RETAIN_SELF = YES;
				CLANG_WARN_OBJC_LITERAL_CONVERSION = YES;
				CLANG_WARN_OBJC_ROOT_CLASS = YES_ERROR;
				CLANG_WARN_RANGE_LOOP_ANALYSIS = YES;
				CLANG_WARN_STRICT_PROTOTYPES = YES;
				CLANG_WARN_SUSPICIOUS_MOVE = YES;
				CLANG_WARN_UNGUARDED_AVAILABILITY = YES_AGGRESSIVE;
				CLANG_WARN_UNREACHABLE_CODE = YES;
				CLANG_WARN__DUPLICATE_METHOD_MATCH = YES;
				CODE_SIGN_IDENTITY = "iPhone Developer";
				COPY_PHASE_STRIP = NO;
				DEBUG_INFORMATION_FORMAT = dwarf;
				ENABLE_STRICT_OBJC_MSGSEND = YES;
				ENABLE_TESTABILITY = YES;
				GCC_C_LANGUAGE_STANDARD = gnu11;
				GCC_DYNAMIC_NO_PIC = NO;
				GCC_NO_COMMON_BLOCKS = YES;
				GCC_OPTIMIZATION_LEVEL = 0;
				GCC_PREPROCESSOR_DEFINITIONS = (
					"DEBUG=1",
					"$(inherited)",
				);
				GCC_WARN_64_TO_32_BIT_CONVERSION = YES;
				GCC_WARN_ABOUT_RETURN_TYPE = YES_ERROR;
				GCC_WARN_UNDECLARED_SELECTOR = YES;
				GCC_WARN_UNINITIALIZED_AUTOS = YES_AGGRESSIVE;
				GCC_WARN_UNUSED_FUNCTION = YES;
				GCC_WARN_UNUSED_VARIABLE = YES;
				IPHONEOS_DEPLOYMENT_TARGET = 11.3;
				MTL_ENABLE_DEBUG_INFO = YES;
				ONLY_ACTIVE_ARCH = YES;
				SDKROOT = iphoneos;
				SWIFT_ACTIVE_COMPILATION_CONDITIONS = DEBUG;
				SWIFT_OPTIMIZATION_LEVEL = "-Onone";
			};
			name = Debug;
		};
		49466BFA20AA121900E68E82 /* Release */ = {
			isa = XCBuildConfiguration;
			buildSettings = {
				ALWAYS_SEARCH_USER_PATHS = NO;
				CLANG_ANALYZER_NONNULL = YES;
				CLANG_ANALYZER_NUMBER_OBJECT_CONVERSION = YES_AGGRESSIVE;
				CLANG_CXX_LANGUAGE_STANDARD = "gnu++14";
				CLANG_CXX_LIBRARY = "libc++";
				CLANG_ENABLE_MODULES = YES;
				CLANG_ENABLE_OBJC_ARC = YES;
				CLANG_ENABLE_OBJC_WEAK = YES;
				CLANG_WARN_BLOCK_CAPTURE_AUTORELEASING = YES;
				CLANG_WARN_BOOL_CONVERSION = YES;
				CLANG_WARN_COMMA = YES;
				CLANG_WARN_CONSTANT_CONVERSION = YES;
				CLANG_WARN_DEPRECATED_OBJC_IMPLEMENTATIONS = YES;
				CLANG_WARN_DIRECT_OBJC_ISA_USAGE = YES_ERROR;
				CLANG_WARN_DOCUMENTATION_COMMENTS = YES;
				CLANG_WARN_EMPTY_BODY = YES;
				CLANG_WARN_ENUM_CONVERSION = YES;
				CLANG_WARN_INFINITE_RECURSION = YES;
				CLANG_WARN_INT_CONVERSION = YES;
				CLANG_WARN_NON_LITERAL_NULL_CONVERSION = YES;
				CLANG_WARN_OBJC_IMPLICIT_RETAIN_SELF = YES;
				CLANG_WARN_OBJC_LITERAL_CONVERSION = YES;
				CLANG_WARN_OBJC_ROOT_CLASS = YES_ERROR;
				CLANG_WARN_RANGE_LOOP_ANALYSIS = YES;
				CLANG_WARN_STRICT_PROTOTYPES = YES;
				CLANG_WARN_SUSPICIOUS_MOVE = YES;
				CLANG_WARN_UNGUARDED_AVAILABILITY = YES_AGGRESSIVE;
				CLANG_WARN_UNREACHABLE_CODE = YES;
				CLANG_WARN__DUPLICATE_METHOD_MATCH = YES;
				CODE_SIGN_IDENTITY = "iPhone Developer";
				COPY_PHASE_STRIP = NO;
				DEBUG_INFORMATION_FORMAT = "dwarf-with-dsym";
				ENABLE_NS_ASSERTIONS = NO;
				ENABLE_STRICT_OBJC_MSGSEND = YES;
				GCC_C_LANGUAGE_STANDARD = gnu11;
				GCC_NO_COMMON_BLOCKS = YES;
				GCC_WARN_64_TO_32_BIT_CONVERSION = YES;
				GCC_WARN_ABOUT_RETURN_TYPE = YES_ERROR;
				GCC_WARN_UNDECLARED_SELECTOR = YES;
				GCC_WARN_UNINITIALIZED_AUTOS = YES_AGGRESSIVE;
				GCC_WARN_UNUSED_FUNCTION = YES;
				GCC_WARN_UNUSED_VARIABLE = YES;
				IPHONEOS_DEPLOYMENT_TARGET = 11.3;
				MTL_ENABLE_DEBUG_INFO = NO;
				SDKROOT = iphoneos;
				SWIFT_COMPILATION_MODE = wholemodule;
				SWIFT_OPTIMIZATION_LEVEL = "-O";
				VALIDATE_PRODUCT = YES;
			};
			name = Release;
		};
		49466BFC20AA121900E68E82 /* Debug */ = {
			isa = XCBuildConfiguration;
			buildSettings = {
				ASSETCATALOG_COMPILER_APPICON_NAME = AppIcon;
				CODE_SIGN_STYLE = Automatic;
				DEVELOPMENT_TEAM = X2L6YBBTA7;
				INFOPLIST_FILE = Poraffiti/Info.plist;
				LD_RUNPATH_SEARCH_PATHS = (
					"$(inherited)",
					"@executable_path/Frameworks",
				);
				PRODUCT_BUNDLE_IDENTIFIER = des.Poraffiti;
				PRODUCT_NAME = "$(TARGET_NAME)";
				SWIFT_VERSION = 4.0;
				TARGETED_DEVICE_FAMILY = "1,2";
			};
			name = Debug;
		};
		49466BFD20AA121900E68E82 /* Release */ = {
			isa = XCBuildConfiguration;
			buildSettings = {
				ASSETCATALOG_COMPILER_APPICON_NAME = AppIcon;
				CODE_SIGN_STYLE = Automatic;
				DEVELOPMENT_TEAM = X2L6YBBTA7;
				INFOPLIST_FILE = Poraffiti/Info.plist;
				LD_RUNPATH_SEARCH_PATHS = (
					"$(inherited)",
					"@executable_path/Frameworks",
				);
				PRODUCT_BUNDLE_IDENTIFIER = des.Poraffiti;
				PRODUCT_NAME = "$(TARGET_NAME)";
				SWIFT_VERSION = 4.0;
				TARGETED_DEVICE_FAMILY = "1,2";
			};
			name = Release;
		};
		49466BFF20AA121900E68E82 /* Debug */ = {
			isa = XCBuildConfiguration;
			buildSettings = {
				ALWAYS_EMBED_SWIFT_STANDARD_LIBRARIES = YES;
				BUNDLE_LOADER = "$(TEST_HOST)";
				CODE_SIGN_STYLE = Automatic;
				DEVELOPMENT_TEAM = X2L6YBBTA7;
				INFOPLIST_FILE = PoraffitiTests/Info.plist;
				LD_RUNPATH_SEARCH_PATHS = (
					"$(inherited)",
					"@executable_path/Frameworks",
					"@loader_path/Frameworks",
				);
				PRODUCT_BUNDLE_IDENTIFIER = des.PoraffitiTests;
				PRODUCT_NAME = "$(TARGET_NAME)";
				SWIFT_VERSION = 4.0;
				TARGETED_DEVICE_FAMILY = "1,2";
				TEST_HOST = "$(BUILT_PRODUCTS_DIR)/Poraffiti.app/Poraffiti";
			};
			name = Debug;
		};
		49466C0020AA121900E68E82 /* Release */ = {
			isa = XCBuildConfiguration;
			buildSettings = {
				ALWAYS_EMBED_SWIFT_STANDARD_LIBRARIES = YES;
				BUNDLE_LOADER = "$(TEST_HOST)";
				CODE_SIGN_STYLE = Automatic;
				DEVELOPMENT_TEAM = X2L6YBBTA7;
				INFOPLIST_FILE = PoraffitiTests/Info.plist;
				LD_RUNPATH_SEARCH_PATHS = (
					"$(inherited)",
					"@executable_path/Frameworks",
					"@loader_path/Frameworks",
				);
				PRODUCT_BUNDLE_IDENTIFIER = des.PoraffitiTests;
				PRODUCT_NAME = "$(TARGET_NAME)";
				SWIFT_VERSION = 4.0;
				TARGETED_DEVICE_FAMILY = "1,2";
				TEST_HOST = "$(BUILT_PRODUCTS_DIR)/Poraffiti.app/Poraffiti";
			};
			name = Release;
		};
		49466C0220AA121900E68E82 /* Debug */ = {
			isa = XCBuildConfiguration;
			buildSettings = {
				ALWAYS_EMBED_SWIFT_STANDARD_LIBRARIES = YES;
				CODE_SIGN_STYLE = Automatic;
				DEVELOPMENT_TEAM = X2L6YBBTA7;
				INFOPLIST_FILE = PoraffitiUITests/Info.plist;
				LD_RUNPATH_SEARCH_PATHS = (
					"$(inherited)",
					"@executable_path/Frameworks",
					"@loader_path/Frameworks",
				);
				PRODUCT_BUNDLE_IDENTIFIER = des.PoraffitiUITests;
				PRODUCT_NAME = "$(TARGET_NAME)";
				SWIFT_VERSION = 4.0;
				TARGETED_DEVICE_FAMILY = "1,2";
				TEST_TARGET_NAME = Poraffiti;
			};
			name = Debug;
		};
		49466C0320AA121900E68E82 /* Release */ = {
			isa = XCBuildConfiguration;
			buildSettings = {
				ALWAYS_EMBED_SWIFT_STANDARD_LIBRARIES = YES;
				CODE_SIGN_STYLE = Automatic;
				DEVELOPMENT_TEAM = X2L6YBBTA7;
				INFOPLIST_FILE = PoraffitiUITests/Info.plist;
				LD_RUNPATH_SEARCH_PATHS = (
					"$(inherited)",
					"@executable_path/Frameworks",
					"@loader_path/Frameworks",
				);
				PRODUCT_BUNDLE_IDENTIFIER = des.PoraffitiUITests;
				PRODUCT_NAME = "$(TARGET_NAME)";
				SWIFT_VERSION = 4.0;
				TARGETED_DEVICE_FAMILY = "1,2";
				TEST_TARGET_NAME = Poraffiti;
			};
			name = Release;
		};
/* End XCBuildConfiguration section */

/* Begin XCConfigurationList section */
		49466BCE20AA121700E68E82 /* Build configuration list for PBXProject "Poraffiti" */ = {
			isa = XCConfigurationList;
			buildConfigurations = (
				49466BF920AA121900E68E82 /* Debug */,
				49466BFA20AA121900E68E82 /* Release */,
			);
			defaultConfigurationIsVisible = 0;
			defaultConfigurationName = Release;
		};
		49466BFB20AA121900E68E82 /* Build configuration list for PBXNativeTarget "Poraffiti" */ = {
			isa = XCConfigurationList;
			buildConfigurations = (
				49466BFC20AA121900E68E82 /* Debug */,
				49466BFD20AA121900E68E82 /* Release */,
			);
			defaultConfigurationIsVisible = 0;
			defaultConfigurationName = Release;
		};
		49466BFE20AA121900E68E82 /* Build configuration list for PBXNativeTarget "PoraffitiTests" */ = {
			isa = XCConfigurationList;
			buildConfigurations = (
				49466BFF20AA121900E68E82 /* Debug */,
				49466C0020AA121900E68E82 /* Release */,
			);
			defaultConfigurationIsVisible = 0;
			defaultConfigurationName = Release;
		};
		49466C0120AA121900E68E82 /* Build configuration list for PBXNativeTarget "PoraffitiUITests" */ = {
			isa = XCConfigurationList;
			buildConfigurations = (
				49466C0220AA121900E68E82 /* Debug */,
				49466C0320AA121900E68E82 /* Release */,
			);
			defaultConfigurationIsVisible = 0;
			defaultConfigurationName = Release;
		};
/* End XCConfigurationList section */
	};
	rootObject = 49466BCB20AA121700E68E82 /* Project object */;
}
